// !$*UTF8*$!
{
	archiveVersion = 1;
	classes = {
	};
	objectVersion = 56;
	objects = {

/* Begin PBXBuildFile section */
		735C585D2B7D369500DE388F /* TechnicalTestSolvedexApp.swift in Sources */ = {isa = PBXBuildFile; fileRef = 735C585C2B7D369500DE388F /* TechnicalTestSolvedexApp.swift */; };
		735C585F2B7D369500DE388F /* MainImagesView.swift in Sources */ = {isa = PBXBuildFile; fileRef = 735C585E2B7D369500DE388F /* MainImagesView.swift */; };
		735C58612B7D369700DE388F /* Assets.xcassets in Resources */ = {isa = PBXBuildFile; fileRef = 735C58602B7D369700DE388F /* Assets.xcassets */; };
		735C58642B7D369700DE388F /* Preview Assets.xcassets in Resources */ = {isa = PBXBuildFile; fileRef = 735C58632B7D369700DE388F /* Preview Assets.xcassets */; };
		735C58702B7D3C5700DE388F /* FileSystemService.swift in Sources */ = {isa = PBXBuildFile; fileRef = 735C586F2B7D3C5700DE388F /* FileSystemService.swift */; };
		735C58732B7D54CA00DE388F /* ImagesModel.swift in Sources */ = {isa = PBXBuildFile; fileRef = 735C58722B7D54CA00DE388F /* ImagesModel.swift */; };
		735C58772B7D575900DE388F /* MainImagesViewModel.swift in Sources */ = {isa = PBXBuildFile; fileRef = 735C58762B7D575900DE388F /* MainImagesViewModel.swift */; };
		735C58792B7D57A500DE388F /* GetImagesUseCase.swift in Sources */ = {isa = PBXBuildFile; fileRef = 735C58782B7D57A500DE388F /* GetImagesUseCase.swift */; };
		735C587C2B7D5AE400DE388F /* MainImagesViewContent.swift in Sources */ = {isa = PBXBuildFile; fileRef = 735C587B2B7D5AE400DE388F /* MainImagesViewContent.swift */; };
		735C58802B7FB07500DE388F /* Nuke in Frameworks */ = {isa = PBXBuildFile; productRef = 735C587F2B7FB07500DE388F /* Nuke */; };
		735C58822B7FB07500DE388F /* NukeExtensions in Frameworks */ = {isa = PBXBuildFile; productRef = 735C58812B7FB07500DE388F /* NukeExtensions */; };
		735C58842B7FB07500DE388F /* NukeUI in Frameworks */ = {isa = PBXBuildFile; productRef = 735C58832B7FB07500DE388F /* NukeUI */; };
		735C58862B7FB07500DE388F /* NukeVideo in Frameworks */ = {isa = PBXBuildFile; productRef = 735C58852B7FB07500DE388F /* NukeVideo */; };
/* End PBXBuildFile section */

/* Begin PBXFileReference section */
		735C58592B7D369500DE388F /* TechnicalTestSolvedex.app */ = {isa = PBXFileReference; explicitFileType = wrapper.application; includeInIndex = 0; path = TechnicalTestSolvedex.app; sourceTree = BUILT_PRODUCTS_DIR; };
		735C585C2B7D369500DE388F /* TechnicalTestSolvedexApp.swift */ = {isa = PBXFileReference; lastKnownFileType = sourcecode.swift; path = TechnicalTestSolvedexApp.swift; sourceTree = "<group>"; };
		735C585E2B7D369500DE388F /* MainImagesView.swift */ = {isa = PBXFileReference; lastKnownFileType = sourcecode.swift; path = MainImagesView.swift; sourceTree = "<group>"; };
		735C58602B7D369700DE388F /* Assets.xcassets */ = {isa = PBXFileReference; lastKnownFileType = folder.assetcatalog; path = Assets.xcassets; sourceTree = "<group>"; };
		735C58632B7D369700DE388F /* Preview Assets.xcassets */ = {isa = PBXFileReference; lastKnownFileType = folder.assetcatalog; path = "Preview Assets.xcassets"; sourceTree = "<group>"; };
		735C586F2B7D3C5700DE388F /* FileSystemService.swift */ = {isa = PBXFileReference; lastKnownFileType = sourcecode.swift; path = FileSystemService.swift; sourceTree = "<group>"; };
		735C58722B7D54CA00DE388F /* ImagesModel.swift */ = {isa = PBXFileReference; lastKnownFileType = sourcecode.swift; path = ImagesModel.swift; sourceTree = "<group>"; };
		735C58762B7D575900DE388F /* MainImagesViewModel.swift */ = {isa = PBXFileReference; lastKnownFileType = sourcecode.swift; path = MainImagesViewModel.swift; sourceTree = "<group>"; };
		735C58782B7D57A500DE388F /* GetImagesUseCase.swift */ = {isa = PBXFileReference; lastKnownFileType = sourcecode.swift; path = GetImagesUseCase.swift; sourceTree = "<group>"; };
		735C587B2B7D5AE400DE388F /* MainImagesViewContent.swift */ = {isa = PBXFileReference; lastKnownFileType = sourcecode.swift; path = MainImagesViewContent.swift; sourceTree = "<group>"; };
/* End PBXFileReference section */

/* Begin PBXFrameworksBuildPhase section */
		735C58562B7D369500DE388F /* Frameworks */ = {
			isa = PBXFrameworksBuildPhase;
			buildActionMask = 2147483647;
			files = (
				735C58842B7FB07500DE388F /* NukeUI in Frameworks */,
				735C58802B7FB07500DE388F /* Nuke in Frameworks */,
				735C58822B7FB07500DE388F /* NukeExtensions in Frameworks */,
				735C58862B7FB07500DE388F /* NukeVideo in Frameworks */,
			);
			runOnlyForDeploymentPostprocessing = 0;
		};
/* End PBXFrameworksBuildPhase section */

/* Begin PBXGroup section */
		735C58502B7D369500DE388F = {
			isa = PBXGroup;
			children = (
				735C585B2B7D369500DE388F /* TechnicalTestSolvedex */,
				735C585A2B7D369500DE388F /* Products */,
			);
			sourceTree = "<group>";
		};
		735C585A2B7D369500DE388F /* Products */ = {
			isa = PBXGroup;
			children = (
				735C58592B7D369500DE388F /* TechnicalTestSolvedex.app */,
			);
			name = Products;
			sourceTree = "<group>";
		};
		735C585B2B7D369500DE388F /* TechnicalTestSolvedex */ = {
			isa = PBXGroup;
			children = (
				735C587D2B7FAC5E00DE388F /* Scenes */,
				735C587A2B7D5AD000DE388F /* ViewContents */,
				735C58712B7D54A900DE388F /* Models */,
				735C586E2B7D39DC00DE388F /* UseCases */,
				735C586D2B7D38ED00DE388F /* ViewModel */,
				735C586B2B7D38C100DE388F /* Service */,
				735C58602B7D369700DE388F /* Assets.xcassets */,
				735C58622B7D369700DE388F /* Preview Content */,
			);
			path = TechnicalTestSolvedex;
			sourceTree = "<group>";
		};
		735C58622B7D369700DE388F /* Preview Content */ = {
			isa = PBXGroup;
			children = (
				735C58632B7D369700DE388F /* Preview Assets.xcassets */,
			);
			path = "Preview Content";
			sourceTree = "<group>";
		};
		735C586B2B7D38C100DE388F /* Service */ = {
			isa = PBXGroup;
			children = (
				735C586F2B7D3C5700DE388F /* FileSystemService.swift */,
			);
			path = Service;
			sourceTree = "<group>";
		};
		735C586D2B7D38ED00DE388F /* ViewModel */ = {
			isa = PBXGroup;
			children = (
				735C58762B7D575900DE388F /* MainImagesViewModel.swift */,
			);
			path = ViewModel;
			sourceTree = "<group>";
		};
		735C586E2B7D39DC00DE388F /* UseCases */ = {
			isa = PBXGroup;
			children = (
				735C58782B7D57A500DE388F /* GetImagesUseCase.swift */,
			);
			path = UseCases;
			sourceTree = "<group>";
		};
		735C58712B7D54A900DE388F /* Models */ = {
			isa = PBXGroup;
			children = (
				735C58722B7D54CA00DE388F /* ImagesModel.swift */,
			);
			path = Models;
			sourceTree = "<group>";
		};
		735C587A2B7D5AD000DE388F /* ViewContents */ = {
			isa = PBXGroup;
			children = (
				735C587B2B7D5AE400DE388F /* MainImagesViewContent.swift */,
			);
			path = ViewContents;
			sourceTree = "<group>";
		};
		735C587D2B7FAC5E00DE388F /* Scenes */ = {
			isa = PBXGroup;
			children = (
				735C585E2B7D369500DE388F /* MainImagesView.swift */,
				735C585C2B7D369500DE388F /* TechnicalTestSolvedexApp.swift */,
			);
			path = Scenes;
			sourceTree = "<group>";
		};
/* End PBXGroup section */

/* Begin PBXNativeTarget section */
		735C58582B7D369500DE388F /* TechnicalTestSolvedex */ = {
			isa = PBXNativeTarget;
			buildConfigurationList = 735C58672B7D369700DE388F /* Build configuration list for PBXNativeTarget "TechnicalTestSolvedex" */;
			buildPhases = (
				735C58552B7D369500DE388F /* Sources */,
				735C58562B7D369500DE388F /* Frameworks */,
				735C58572B7D369500DE388F /* Resources */,
			);
			buildRules = (
			);
			dependencies = (
			);
			name = TechnicalTestSolvedex;
			packageProductDependencies = (
				735C587F2B7FB07500DE388F /* Nuke */,
				735C58812B7FB07500DE388F /* NukeExtensions */,
				735C58832B7FB07500DE388F /* NukeUI */,
				735C58852B7FB07500DE388F /* NukeVideo */,
			);
			productName = TechnicalTestSolvedex;
			productReference = 735C58592B7D369500DE388F /* TechnicalTestSolvedex.app */;
			productType = "com.apple.product-type.application";
		};
/* End PBXNativeTarget section */

/* Begin PBXProject section */
		735C58512B7D369500DE388F /* Project object */ = {
			isa = PBXProject;
			attributes = {
				BuildIndependentTargetsInParallel = 1;
				LastSwiftUpdateCheck = 1520;
				LastUpgradeCheck = 1520;
				TargetAttributes = {
					735C58582B7D369500DE388F = {
						CreatedOnToolsVersion = 15.2;
					};
				};
			};
			buildConfigurationList = 735C58542B7D369500DE388F /* Build configuration list for PBXProject "TechnicalTestSolvedex" */;
			compatibilityVersion = "Xcode 14.0";
			developmentRegion = en;
			hasScannedForEncodings = 0;
			knownRegions = (
				en,
				Base,
			);
			mainGroup = 735C58502B7D369500DE388F;
			packageReferences = (
				735C587E2B7FB07500DE388F /* XCRemoteSwiftPackageReference "Nuke" */,
			);
			productRefGroup = 735C585A2B7D369500DE388F /* Products */;
			projectDirPath = "";
			projectRoot = "";
			targets = (
				735C58582B7D369500DE388F /* TechnicalTestSolvedex */,
			);
		};
/* End PBXProject section */

/* Begin PBXResourcesBuildPhase section */
		735C58572B7D369500DE388F /* Resources */ = {
			isa = PBXResourcesBuildPhase;
			buildActionMask = 2147483647;
			files = (
				735C58642B7D369700DE388F /* Preview Assets.xcassets in Resources */,
				735C58612B7D369700DE388F /* Assets.xcassets in Resources */,
			);
			runOnlyForDeploymentPostprocessing = 0;
		};
/* End PBXResourcesBuildPhase section */

/* Begin PBXSourcesBuildPhase section */
		735C58552B7D369500DE388F /* Sources */ = {
			isa = PBXSourcesBuildPhase;
			buildActionMask = 2147483647;
			files = (
				735C58792B7D57A500DE388F /* GetImagesUseCase.swift in Sources */,
				735C58772B7D575900DE388F /* MainImagesViewModel.swift in Sources */,
				735C58702B7D3C5700DE388F /* FileSystemService.swift in Sources */,
				735C585F2B7D369500DE388F /* MainImagesView.swift in Sources */,
				735C585D2B7D369500DE388F /* TechnicalTestSolvedexApp.swift in Sources */,
				735C58732B7D54CA00DE388F /* ImagesModel.swift in Sources */,
				735C587C2B7D5AE400DE388F /* MainImagesViewContent.swift in Sources */,
			);
			runOnlyForDeploymentPostprocessing = 0;
		};
/* End PBXSourcesBuildPhase section */

/* Begin XCBuildConfiguration section */
		735C58652B7D369700DE388F /* Debug */ = {
			isa = XCBuildConfiguration;
			buildSettings = {
				ALWAYS_SEARCH_USER_PATHS = NO;
				ASSETCATALOG_COMPILER_GENERATE_SWIFT_ASSET_SYMBOL_EXTENSIONS = YES;
				CLANG_ANALYZER_NONNULL = YES;
				CLANG_ANALYZER_NUMBER_OBJECT_CONVERSION = YES_AGGRESSIVE;
				CLANG_CXX_LANGUAGE_STANDARD = "gnu++20";
				CLANG_ENABLE_MODULES = YES;
				CLANG_ENABLE_OBJC_ARC = YES;
				CLANG_ENABLE_OBJC_WEAK = YES;
				CLANG_WARN_BLOCK_CAPTURE_AUTORELEASING = YES;
				CLANG_WARN_BOOL_CONVERSION = YES;
				CLANG_WARN_COMMA = YES;
				CLANG_WARN_CONSTANT_CONVERSION = YES;
				CLANG_WARN_DEPRECATED_OBJC_IMPLEMENTATIONS = YES;
				CLANG_WARN_DIRECT_OBJC_ISA_USAGE = YES_ERROR;
				CLANG_WARN_DOCUMENTATION_COMMENTS = YES;
				CLANG_WARN_EMPTY_BODY = YES;
				CLANG_WARN_ENUM_CONVERSION = YES;
				CLANG_WARN_INFINITE_RECURSION = YES;
				CLANG_WARN_INT_CONVERSION = YES;
				CLANG_WARN_NON_LITERAL_NULL_CONVERSION = YES;
				CLANG_WARN_OBJC_IMPLICIT_RETAIN_SELF = YES;
				CLANG_WARN_OBJC_LITERAL_CONVERSION = YES;
				CLANG_WARN_OBJC_ROOT_CLASS = YES_ERROR;
				CLANG_WARN_QUOTED_INCLUDE_IN_FRAMEWORK_HEADER = YES;
				CLANG_WARN_RANGE_LOOP_ANALYSIS = YES;
				CLANG_WARN_STRICT_PROTOTYPES = YES;
				CLANG_WARN_SUSPICIOUS_MOVE = YES;
				CLANG_WARN_UNGUARDED_AVAILABILITY = YES_AGGRESSIVE;
				CLANG_WARN_UNREACHABLE_CODE = YES;
				CLANG_WARN__DUPLICATE_METHOD_MATCH = YES;
				COPY_PHASE_STRIP = NO;
				DEBUG_INFORMATION_FORMAT = dwarf;
				ENABLE_STRICT_OBJC_MSGSEND = YES;
				ENABLE_TESTABILITY = YES;
				ENABLE_USER_SCRIPT_SANDBOXING = YES;
				GCC_C_LANGUAGE_STANDARD = gnu17;
				GCC_DYNAMIC_NO_PIC = NO;
				GCC_NO_COMMON_BLOCKS = YES;
				GCC_OPTIMIZATION_LEVEL = 0;
				GCC_PREPROCESSOR_DEFINITIONS = (
					"DEBUG=1",
					"$(inherited)",
				);
				GCC_WARN_64_TO_32_BIT_CONVERSION = YES;
				GCC_WARN_ABOUT_RETURN_TYPE = YES_ERROR;
				GCC_WARN_UNDECLARED_SELECTOR = YES;
				GCC_WARN_UNINITIALIZED_AUTOS = YES_AGGRESSIVE;
				GCC_WARN_UNUSED_FUNCTION = YES;
				GCC_WARN_UNUSED_VARIABLE = YES;
				IPHONEOS_DEPLOYMENT_TARGET = 17.2;
				LOCALIZATION_PREFERS_STRING_CATALOGS = YES;
				MTL_ENABLE_DEBUG_INFO = INCLUDE_SOURCE;
				MTL_FAST_MATH = YES;
				ONLY_ACTIVE_ARCH = YES;
				SDKROOT = iphoneos;
				SWIFT_ACTIVE_COMPILATION_CONDITIONS = "DEBUG $(inherited)";
				SWIFT_OPTIMIZATION_LEVEL = "-Onone";
			};
			name = Debug;
		};
		735C58662B7D369700DE388F /* Release */ = {
			isa = XCBuildConfiguration;
			buildSettings = {
				ALWAYS_SEARCH_USER_PATHS = NO;
				ASSETCATALOG_COMPILER_GENERATE_SWIFT_ASSET_SYMBOL_EXTENSIONS = YES;
				CLANG_ANALYZER_NONNULL = YES;
				CLANG_ANALYZER_NUMBER_OBJECT_CONVERSION = YES_AGGRESSIVE;
				CLANG_CXX_LANGUAGE_STANDARD = "gnu++20";
				CLANG_ENABLE_MODULES = YES;
				CLANG_ENABLE_OBJC_ARC = YES;
				CLANG_ENABLE_OBJC_WEAK = YES;
				CLANG_WARN_BLOCK_CAPTURE_AUTORELEASING = YES;
				CLANG_WARN_BOOL_CONVERSION = YES;
				CLANG_WARN_COMMA = YES;
				CLANG_WARN_CONSTANT_CONVERSION = YES;
				CLANG_WARN_DEPRECATED_OBJC_IMPLEMENTATIONS = YES;
				CLANG_WARN_DIRECT_OBJC_ISA_USAGE = YES_ERROR;
				CLANG_WARN_DOCUMENTATION_COMMENTS = YES;
				CLANG_WARN_EMPTY_BODY = YES;
				CLANG_WARN_ENUM_CONVERSION = YES;
				CLANG_WARN_INFINITE_RECURSION = YES;
				CLANG_WARN_INT_CONVERSION = YES;
				CLANG_WARN_NON_LITERAL_NULL_CONVERSION = YES;
				CLANG_WARN_OBJC_IMPLICIT_RETAIN_SELF = YES;
				CLANG_WARN_OBJC_LITERAL_CONVERSION = YES;
				CLANG_WARN_OBJC_ROOT_CLASS = YES_ERROR;
				CLANG_WARN_QUOTED_INCLUDE_IN_FRAMEWORK_HEADER = YES;
				CLANG_WARN_RANGE_LOOP_ANALYSIS = YES;
				CLANG_WARN_STRICT_PROTOTYPES = YES;
				CLANG_WARN_SUSPICIOUS_MOVE = YES;
				CLANG_WARN_UNGUARDED_AVAILABILITY = YES_AGGRESSIVE;
				CLANG_WARN_UNREACHABLE_CODE = YES;
				CLANG_WARN__DUPLICATE_METHOD_MATCH = YES;
				COPY_PHASE_STRIP = NO;
				DEBUG_INFORMATION_FORMAT = "dwarf-with-dsym";
				ENABLE_NS_ASSERTIONS = NO;
				ENABLE_STRICT_OBJC_MSGSEND = YES;
				ENABLE_USER_SCRIPT_SANDBOXING = YES;
				GCC_C_LANGUAGE_STANDARD = gnu17;
				GCC_NO_COMMON_BLOCKS = YES;
				GCC_WARN_64_TO_32_BIT_CONVERSION = YES;
				GCC_WARN_ABOUT_RETURN_TYPE = YES_ERROR;
				GCC_WARN_UNDECLARED_SELECTOR = YES;
				GCC_WARN_UNINITIALIZED_AUTOS = YES_AGGRESSIVE;
				GCC_WARN_UNUSED_FUNCTION = YES;
				GCC_WARN_UNUSED_VARIABLE = YES;
				IPHONEOS_DEPLOYMENT_TARGET = 17.2;
				LOCALIZATION_PREFERS_STRING_CATALOGS = YES;
				MTL_ENABLE_DEBUG_INFO = NO;
				MTL_FAST_MATH = YES;
				SDKROOT = iphoneos;
				SWIFT_COMPILATION_MODE = wholemodule;
				VALIDATE_PRODUCT = YES;
			};
			name = Release;
		};
		735C58682B7D369700DE388F /* Debug */ = {
			isa = XCBuildConfiguration;
			buildSettings = {
				ASSETCATALOG_COMPILER_APPICON_NAME = AppIcon;
				ASSETCATALOG_COMPILER_GLOBAL_ACCENT_COLOR_NAME = AccentColor;
				CODE_SIGN_STYLE = Automatic;
				CURRENT_PROJECT_VERSION = 1;
				DEVELOPMENT_ASSET_PATHS = "\"TechnicalTestSolvedex/Preview Content\"";
				ENABLE_PREVIEWS = YES;
				GENERATE_INFOPLIST_FILE = YES;
				INFOPLIST_KEY_UIApplicationSceneManifest_Generation = YES;
				INFOPLIST_KEY_UIApplicationSupportsIndirectInputEvents = YES;
				INFOPLIST_KEY_UILaunchScreen_Generation = YES;
				INFOPLIST_KEY_UISupportedInterfaceOrientations_iPad = "UIInterfaceOrientationPortrait UIInterfaceOrientationPortraitUpsideDown UIInterfaceOrientationLandscapeLeft UIInterfaceOrientationLandscapeRight";
				INFOPLIST_KEY_UISupportedInterfaceOrientations_iPhone = "UIInterfaceOrientationPortrait UIInterfaceOrientationLandscapeLeft UIInterfaceOrientationLandscapeRight";
				LD_RUNPATH_SEARCH_PATHS = (
					"$(inherited)",
					"@executable_path/Frameworks",
				);
				MARKETING_VERSION = 1.0;
				PRODUCT_BUNDLE_IDENTIFIER = JuanHarrington.TechnicalTestSolvedex;
				PRODUCT_NAME = "$(TARGET_NAME)";
				SWIFT_EMIT_LOC_STRINGS = YES;
				SWIFT_VERSION = 5.0;
				TARGETED_DEVICE_FAMILY = "1,2";
			};
			name = Debug;
		};
		735C58692B7D369700DE388F /* Release */ = {
			isa = XCBuildConfiguration;
			buildSettings = {
				ASSETCATALOG_COMPILER_APPICON_NAME = AppIcon;
				ASSETCATALOG_COMPILER_GLOBAL_ACCENT_COLOR_NAME = AccentColor;
				CODE_SIGN_STYLE = Automatic;
				CURRENT_PROJECT_VERSION = 1;
				DEVELOPMENT_ASSET_PATHS = "\"TechnicalTestSolvedex/Preview Content\"";
				ENABLE_PREVIEWS = YES;
				GENERATE_INFOPLIST_FILE = YES;
				INFOPLIST_KEY_UIApplicationSceneManifest_Generation = YES;
				INFOPLIST_KEY_UIApplicationSupportsIndirectInputEvents = YES;
				INFOPLIST_KEY_UILaunchScreen_Generation = YES;
				INFOPLIST_KEY_UISupportedInterfaceOrientations_iPad = "UIInterfaceOrientationPortrait UIInterfaceOrientationPortraitUpsideDown UIInterfaceOrientationLandscapeLeft UIInterfaceOrientationLandscapeRight";
				INFOPLIST_KEY_UISupportedInterfaceOrientations_iPhone = "UIInterfaceOrientationPortrait UIInterfaceOrientationLandscapeLeft UIInterfaceOrientationLandscapeRight";
				LD_RUNPATH_SEARCH_PATHS = (
					"$(inherited)",
					"@executable_path/Frameworks",
				);
				MARKETING_VERSION = 1.0;
				PRODUCT_BUNDLE_IDENTIFIER = JuanHarrington.TechnicalTestSolvedex;
				PRODUCT_NAME = "$(TARGET_NAME)";
				SWIFT_EMIT_LOC_STRINGS = YES;
				SWIFT_VERSION = 5.0;
				TARGETED_DEVICE_FAMILY = "1,2";
			};
			name = Release;
		};
/* End XCBuildConfiguration section */

/* Begin XCConfigurationList section */
		735C58542B7D369500DE388F /* Build configuration list for PBXProject "TechnicalTestSolvedex" */ = {
			isa = XCConfigurationList;
			buildConfigurations = (
				735C58652B7D369700DE388F /* Debug */,
				735C58662B7D369700DE388F /* Release */,
			);
			defaultConfigurationIsVisible = 0;
			defaultConfigurationName = Release;
		};
		735C58672B7D369700DE388F /* Build configuration list for PBXNativeTarget "TechnicalTestSolvedex" */ = {
			isa = XCConfigurationList;
			buildConfigurations = (
				735C58682B7D369700DE388F /* Debug */,
				735C58692B7D369700DE388F /* Release */,
			);
			defaultConfigurationIsVisible = 0;
			defaultConfigurationName = Release;
		};
/* End XCConfigurationList section */

/* Begin XCRemoteSwiftPackageReference section */
		735C587E2B7FB07500DE388F /* XCRemoteSwiftPackageReference "Nuke" */ = {
			isa = XCRemoteSwiftPackageReference;
			repositoryURL = "https://github.com/kean/Nuke.git";
			requirement = {
				kind = upToNextMajorVersion;
				minimumVersion = 12.4.0;
			};
		};
/* End XCRemoteSwiftPackageReference section */

/* Begin XCSwiftPackageProductDependency section */
		735C587F2B7FB07500DE388F /* Nuke */ = {
			isa = XCSwiftPackageProductDependency;
			package = 735C587E2B7FB07500DE388F /* XCRemoteSwiftPackageReference "Nuke" */;
			productName = Nuke;
		};
		735C58812B7FB07500DE388F /* NukeExtensions */ = {
			isa = XCSwiftPackageProductDependency;
			package = 735C587E2B7FB07500DE388F /* XCRemoteSwiftPackageReference "Nuke" */;
			productName = NukeExtensions;
		};
		735C58832B7FB07500DE388F /* NukeUI */ = {
			isa = XCSwiftPackageProductDependency;
			package = 735C587E2B7FB07500DE388F /* XCRemoteSwiftPackageReference "Nuke" */;
			productName = NukeUI;
		};
		735C58852B7FB07500DE388F /* NukeVideo */ = {
			isa = XCSwiftPackageProductDependency;
			package = 735C587E2B7FB07500DE388F /* XCRemoteSwiftPackageReference "Nuke" */;
			productName = NukeVideo;
		};
/* End XCSwiftPackageProductDependency section */
	};
	rootObject = 735C58512B7D369500DE388F /* Project object */;
}
